
Microsoft Visual Studio Solution File, Format Version 12.00
# Visual Studio Version 17
VisualStudioVersion = 17.7.34024.191
MinimumVisualStudioVersion = 10.0.40219.1
Project("{9A19103F-16F7-4668-BE54-9A1E7A4F7556}") = "Ex01", "Ex01.csproj", "{B736B0A3-4273-4D33-B9E3-BE654BA101B2}"
EndProject
Project("{FAE04EC0-301F-11D3-BF4B-00C04F79EFBC}") = "Ex01.Tests", "..\Ex01.Tests\Ex01.Tests.csproj", "{F3F8E29C-60DC-42F5-8B30-3933D5AF27BC}"
EndProject
Global
	GlobalSection(SolutionConfigurationPlatforms) = preSolution
		Debug|Any CPU = Debug|Any CPU
		Release|Any CPU = Release|Any CPU
	EndGlobalSection
	GlobalSection(ProjectConfigurationPlatforms) = postSolution
		{B736B0A3-4273-4D33-B9E3-BE654BA101B2}.Debug|Any CPU.ActiveCfg = Debug|Any CPU
		{B736B0A3-4273-4D33-B9E3-BE654BA101B2}.Debug|Any CPU.Build.0 = Debug|Any CPU
		{B736B0A3-4273-4D33-B9E3-BE654BA101B2}.Release|Any CPU.ActiveCfg = Release|Any CPU
		{B736B0A3-4273-4D33-B9E3-BE654BA101B2}.Release|Any CPU.Build.0 = Release|Any CPU
		{F3F8E29C-60DC-42F5-8B30-3933D5AF27BC}.Debug|Any CPU.ActiveCfg = Debug|Any CPU
		{F3F8E29C-60DC-42F5-8B30-3933D5AF27BC}.Debug|Any CPU.Build.0 = Debug|Any CPU
		{F3F8E29C-60DC-42F5-8B30-3933D5AF27BC}.Release|Any CPU.ActiveCfg = Release|Any CPU
		{F3F8E29C-60DC-42F5-8B30-3933D5AF27BC}.Release|Any CPU.Build.0 = Release|Any CPU
	EndGlobalSection
	GlobalSection(SolutionProperties) = preSolution
		HideSolutionNode = FALSE
	EndGlobalSection
	GlobalSection(ExtensibilityGlobals) = postSolution
		SolutionGuid = {996CF712-AC7E-48A8-8568-9144CB4C7700}
	EndGlobalSection
EndGlobal
