
Microsoft Visual Studio Solution File, Format Version 12.00
# Visual Studio Version 17
VisualStudioVersion = 17.7.34024.191
MinimumVisualStudioVersion = 10.0.40219.1
Project("{FAE04EC0-301F-11D3-BF4B-00C04F79EFBC}") = "PLLab", "PLLab\PLLab.csproj", "{AAF53199-FA3F-4353-8C76-CFD4C4A0319D}"
EndProject
Project("{FAE04EC0-301F-11D3-BF4B-00C04F79EFBC}") = "PLLabTests", "PLLabTests\PLLabTests.csproj", "{64D4D211-10D9-4B55-8339-8C3F7FEFF419}"
EndProject
Global
	GlobalSection(SolutionConfigurationPlatforms) = preSolution
		Debug|Any CPU = Debug|Any CPU
		Release|Any CPU = Release|Any CPU
	EndGlobalSection
	GlobalSection(ProjectConfigurationPlatforms) = postSolution
		{AAF53199-FA3F-4353-8C76-CFD4C4A0319D}.Debug|Any CPU.ActiveCfg = Debug|Any CPU
		{AAF53199-FA3F-4353-8C76-CFD4C4A0319D}.Debug|Any CPU.Build.0 = Debug|Any CPU
		{AAF53199-FA3F-4353-8C76-CFD4C4A0319D}.Release|Any CPU.ActiveCfg = Release|Any CPU
		{AAF53199-FA3F-4353-8C76-CFD4C4A0319D}.Release|Any CPU.Build.0 = Release|Any CPU
		{64D4D211-10D9-4B55-8339-8C3F7FEFF419}.Debug|Any CPU.ActiveCfg = Debug|Any CPU
		{64D4D211-10D9-4B55-8339-8C3F7FEFF419}.Debug|Any CPU.Build.0 = Debug|Any CPU
		{64D4D211-10D9-4B55-8339-8C3F7FEFF419}.Release|Any CPU.ActiveCfg = Release|Any CPU
		{64D4D211-10D9-4B55-8339-8C3F7FEFF419}.Release|Any CPU.Build.0 = Release|Any CPU
	EndGlobalSection
	GlobalSection(SolutionProperties) = preSolution
		HideSolutionNode = FALSE
	EndGlobalSection
	GlobalSection(ExtensibilityGlobals) = postSolution
		SolutionGuid = {0FD33CA0-68A8-4302-8AF2-8F11881526B3}
	EndGlobalSection
EndGlobal
